
Microsoft Visual Studio Solution File, Format Version 12.00
# Visual Studio Version 17
VisualStudioVersion = 17.11.35222.181
MinimumVisualStudioVersion = 10.0.40219.1
Project("{FAE04EC0-301F-11D3-BF4B-00C04F79EFBC}") = "DataCollection.Api", "DataCollection.Api\DataCollection.Api.csproj", "{ABDE9207-0E86-4DED-9F13-B1427BC4A8B2}"
EndProject
Project("{FAE04EC0-301F-11D3-BF4B-00C04F79EFBC}") = "DataCollection.Application", "DataCollection.Application\DataCollection.Application.csproj", "{2EC98199-57E7-4773-AE68-761BB94FE58E}"
EndProject
Project("{FAE04EC0-301F-11D3-BF4B-00C04F79EFBC}") = "DataCollection.Contracts", "DataCollection.Contracts\DataCollection.Contracts.csproj", "{2FC9A88C-BCED-49F0-BCA3-722E9D0727E2}"
EndProject
Project("{FAE04EC0-301F-11D3-BF4B-00C04F79EFBC}") = "DataCollection.Domain", "DataCollection.Domain\DataCollection.Domain.csproj", "{4DA07735-6CD6-442F-923F-345EACCBC55E}"
EndProject
Project("{FAE04EC0-301F-11D3-BF4B-00C04F79EFBC}") = "DataCollection.Infrastructure", "DataCollection.Infrastructure\DataCollection.Infrastructure.csproj", "{994786FE-3B3F-4013-BBC8-94507598363A}"
EndProject
Global
	GlobalSection(SolutionConfigurationPlatforms) = preSolution
		Debug|Any CPU = Debug|Any CPU
		Release|Any CPU = Release|Any CPU
	EndGlobalSection
	GlobalSection(ProjectConfigurationPlatforms) = postSolution
		{ABDE9207-0E86-4DED-9F13-B1427BC4A8B2}.Debug|Any CPU.ActiveCfg = Debug|Any CPU
		{ABDE9207-0E86-4DED-9F13-B1427BC4A8B2}.Debug|Any CPU.Build.0 = Debug|Any CPU
		{ABDE9207-0E86-4DED-9F13-B1427BC4A8B2}.Release|Any CPU.ActiveCfg = Release|Any CPU
		{ABDE9207-0E86-4DED-9F13-B1427BC4A8B2}.Release|Any CPU.Build.0 = Release|Any CPU
		{2EC98199-57E7-4773-AE68-761BB94FE58E}.Debug|Any CPU.ActiveCfg = Debug|Any CPU
		{2EC98199-57E7-4773-AE68-761BB94FE58E}.Debug|Any CPU.Build.0 = Debug|Any CPU
		{2EC98199-57E7-4773-AE68-761BB94FE58E}.Release|Any CPU.ActiveCfg = Release|Any CPU
		{2EC98199-57E7-4773-AE68-761BB94FE58E}.Release|Any CPU.Build.0 = Release|Any CPU
		{2FC9A88C-BCED-49F0-BCA3-722E9D0727E2}.Debug|Any CPU.ActiveCfg = Debug|Any CPU
		{2FC9A88C-BCED-49F0-BCA3-722E9D0727E2}.Debug|Any CPU.Build.0 = Debug|Any CPU
		{2FC9A88C-BCED-49F0-BCA3-722E9D0727E2}.Release|Any CPU.ActiveCfg = Release|Any CPU
		{2FC9A88C-BCED-49F0-BCA3-722E9D0727E2}.Release|Any CPU.Build.0 = Release|Any CPU
		{4DA07735-6CD6-442F-923F-345EACCBC55E}.Debug|Any CPU.ActiveCfg = Debug|Any CPU
		{4DA07735-6CD6-442F-923F-345EACCBC55E}.Debug|Any CPU.Build.0 = Debug|Any CPU
		{4DA07735-6CD6-442F-923F-345EACCBC55E}.Release|Any CPU.ActiveCfg = Release|Any CPU
		{4DA07735-6CD6-442F-923F-345EACCBC55E}.Release|Any CPU.Build.0 = Release|Any CPU
		{994786FE-3B3F-4013-BBC8-94507598363A}.Debug|Any CPU.ActiveCfg = Debug|Any CPU
		{994786FE-3B3F-4013-BBC8-94507598363A}.Debug|Any CPU.Build.0 = Debug|Any CPU
		{994786FE-3B3F-4013-BBC8-94507598363A}.Release|Any CPU.ActiveCfg = Release|Any CPU
		{994786FE-3B3F-4013-BBC8-94507598363A}.Release|Any CPU.Build.0 = Release|Any CPU
	EndGlobalSection
	GlobalSection(SolutionProperties) = preSolution
		HideSolutionNode = FALSE
	EndGlobalSection
	GlobalSection(ExtensibilityGlobals) = postSolution
		SolutionGuid = {885B273F-AC46-4A30-8C37-4670700ECCD5}
	EndGlobalSection
EndGlobal
